
Microsoft Visual Studio Solution File, Format Version 12.00
# Visual Studio Version 16
VisualStudioVersion = 16.0.30225.117
MinimumVisualStudioVersion = 10.0.40219.1
Project("{FAE04EC0-301F-11D3-BF4B-00C04F79EFBC}") = "Ganfer-Examen", "Ganfer-Examen.csproj", "{48392FC2-7785-494E-9E6B-FD9C64C7944B}"
EndProject
Global
	GlobalSection(SolutionConfigurationPlatforms) = preSolution
		Debug|Any CPU = Debug|Any CPU
		Release|Any CPU = Release|Any CPU
	EndGlobalSection
	GlobalSection(ProjectConfigurationPlatforms) = postSolution
		{48392FC2-7785-494E-9E6B-FD9C64C7944B}.Debug|Any CPU.ActiveCfg = Debug|Any CPU
		{48392FC2-7785-494E-9E6B-FD9C64C7944B}.Debug|Any CPU.Build.0 = Debug|Any CPU
		{48392FC2-7785-494E-9E6B-FD9C64C7944B}.Release|Any CPU.ActiveCfg = Release|Any CPU
		{48392FC2-7785-494E-9E6B-FD9C64C7944B}.Release|Any CPU.Build.0 = Release|Any CPU
	EndGlobalSection
	GlobalSection(SolutionProperties) = preSolution
		HideSolutionNode = FALSE
	EndGlobalSection
	GlobalSection(ExtensibilityGlobals) = postSolution
		SolutionGuid = {29E20DCD-9E00-4531-8440-5DB80A0A99F4}
	EndGlobalSection
EndGlobal
